dependencies:
- name: redis
  repository: https://charts.bitnami.com/bitnami
  version: 10.6.10
- name: postgresql
  repository: https://charts.bitnami.com/bitnami
  version: 8.9.2
- name: rabbitmq
  repository: https://charts.bitnami.com/bitnami
  version: 6.25.5
- name: minio
  repository: https://charts.bitnami.com/bitnami
  version: 3.3.6
digest: sha256:4cf9ba21aa7e46fa6889f09fd4567469b456a8fb03a4d82d1e30c3293ba34fd4
generated: "2020-04-23T18:38:08.695743783+03:00"
